
Microsoft Visual Studio Solution File, Format Version 12.00
# Visual Studio 15
VisualStudioVersion = 15.0.28307.1145
MinimumVisualStudioVersion = 10.0.40219.1
Project("{FAE04EC0-301F-11D3-BF4B-00C04F79EFBC}") = "CCTV project", "축산 프로젝트\CCTV project.csproj", "{051A7481-5CA4-479A-A491-D1CDD6CD6181}"
EndProject
Global
	GlobalSection(SolutionConfigurationPlatforms) = preSolution
		Debug|Any CPU = Debug|Any CPU
		Release|Any CPU = Release|Any CPU
	EndGlobalSection
	GlobalSection(ProjectConfigurationPlatforms) = postSolution
		{051A7481-5CA4-479A-A491-D1CDD6CD6181}.Debug|Any CPU.ActiveCfg = Debug|Any CPU
		{051A7481-5CA4-479A-A491-D1CDD6CD6181}.Debug|Any CPU.Build.0 = Debug|Any CPU
		{051A7481-5CA4-479A-A491-D1CDD6CD6181}.Release|Any CPU.ActiveCfg = Release|Any CPU
		{051A7481-5CA4-479A-A491-D1CDD6CD6181}.Release|Any CPU.Build.0 = Release|Any CPU
	EndGlobalSection
	GlobalSection(SolutionProperties) = preSolution
		HideSolutionNode = FALSE
	EndGlobalSection
	GlobalSection(ExtensibilityGlobals) = postSolution
		SolutionGuid = {122C5FAE-260D-440F-AF9C-296443F39A16}
	EndGlobalSection
EndGlobal
